// !$*UTF8*$!
{
	archiveVersion = 1;
	classes = {
	};
	objectVersion = 46;
	objects = {

/* Begin PBXBuildFile section */
		AE2199EB1E5EE0000048C8DD /* PersonFullInfoTV.m in Sources */ = {isa = PBXBuildFile; fileRef = AE2199EA1E5EE0000048C8DD /* PersonFullInfoTV.m */; };
		AE24428C1E8B048B00AFBDFA /* VKApiManager.m in Sources */ = {isa = PBXBuildFile; fileRef = AE24428B1E8B048B00AFBDFA /* VKApiManager.m */; };
		AE3C9F891E5B284E00D7A061 /* CVCell.m in Sources */ = {isa = PBXBuildFile; fileRef = AE3C9F881E5B284E00D7A061 /* CVCell.m */; };
		AE80CE3C1E4B69D10078F00B /* PersonsInfoVC.m in Sources */ = {isa = PBXBuildFile; fileRef = AE80CE3B1E4B69D10078F00B /* PersonsInfoVC.m */; };
		AE8410181E67017F007E4A01 /* TVCell.m in Sources */ = {isa = PBXBuildFile; fileRef = AE8410171E67017F007E4A01 /* TVCell.m */; };
		AEAAEC401E8A4A3D00274535 /* AuthWebView.m in Sources */ = {isa = PBXBuildFile; fileRef = AEAAEC3F1E8A4A3D00274535 /* AuthWebView.m */; };
		AED9640F1E9BA09C00B6F352 /* Friend.m in Sources */ = {isa = PBXBuildFile; fileRef = AED9640E1E9BA09C00B6F352 /* Friend.m */; };
		AEF34C961ED42D6900EFD58C /* ChatTV.m in Sources */ = {isa = PBXBuildFile; fileRef = AEF34C951ED42D6900EFD58C /* ChatTV.m */; };
		AEF34C9C1ED4464C00EFD58C /* ReceivingCell.m in Sources */ = {isa = PBXBuildFile; fileRef = AEF34C9B1ED4464C00EFD58C /* ReceivingCell.m */; };
		AEF34CA51ED5B41D00EFD58C /* Message.m in Sources */ = {isa = PBXBuildFile; fileRef = AEF34CA41ED5B41D00EFD58C /* Message.m */; };
		AEFED8C41E48A7A600168D46 /* main.m in Sources */ = {isa = PBXBuildFile; fileRef = AEFED8C31E48A7A600168D46 /* main.m */; };
		AEFED8C71E48A7A600168D46 /* AppDelegate.m in Sources */ = {isa = PBXBuildFile; fileRef = AEFED8C61E48A7A600168D46 /* AppDelegate.m */; };
		AEFED8CD1E48A7A600168D46 /* Main.storyboard in Resources */ = {isa = PBXBuildFile; fileRef = AEFED8CB1E48A7A600168D46 /* Main.storyboard */; };
		AEFED8CF1E48A7A600168D46 /* Assets.xcassets in Resources */ = {isa = PBXBuildFile; fileRef = AEFED8CE1E48A7A600168D46 /* Assets.xcassets */; };
		AEFED8D21E48A7A600168D46 /* LaunchScreen.storyboard in Resources */ = {isa = PBXBuildFile; fileRef = AEFED8D01E48A7A600168D46 /* LaunchScreen.storyboard */; };
		AEFED8DB1E48A7D900168D46 /* Foundation.framework in Frameworks */ = {isa = PBXBuildFile; fileRef = AEFED8DA1E48A7D900168D46 /* Foundation.framework */; };
		AEFED8DD1E48A7E100168D46 /* UIKit.framework in Frameworks */ = {isa = PBXBuildFile; fileRef = AEFED8DC1E48A7E100168D46 /* UIKit.framework */; };
		AEFED8DF1E48A7E900168D46 /* CoreGraphics.framework in Frameworks */ = {isa = PBXBuildFile; fileRef = AEFED8DE1E48A7E900168D46 /* CoreGraphics.framework */; };
/* End PBXBuildFile section */

/* Begin PBXFileReference section */
		AE2199E91E5EE0000048C8DD /* PersonFullInfoTV.h */ = {isa = PBXFileReference; fileEncoding = 4; lastKnownFileType = sourcecode.c.h; path = PersonFullInfoTV.h; sourceTree = "<group>"; };
		AE2199EA1E5EE0000048C8DD /* PersonFullInfoTV.m */ = {isa = PBXFileReference; fileEncoding = 4; lastKnownFileType = sourcecode.c.objc; path = PersonFullInfoTV.m; sourceTree = "<group>"; };
		AE24428A1E8B048B00AFBDFA /* VKApiManager.h */ = {isa = PBXFileReference; fileEncoding = 4; lastKnownFileType = sourcecode.c.h; path = VKApiManager.h; sourceTree = "<group>"; };
		AE24428B1E8B048B00AFBDFA /* VKApiManager.m */ = {isa = PBXFileReference; fileEncoding = 4; lastKnownFileType = sourcecode.c.objc; path = VKApiManager.m; sourceTree = "<group>"; };
		AE3C9F871E5B284E00D7A061 /* CVCell.h */ = {isa = PBXFileReference; fileEncoding = 4; lastKnownFileType = sourcecode.c.h; path = CVCell.h; sourceTree = "<group>"; };
		AE3C9F881E5B284E00D7A061 /* CVCell.m */ = {isa = PBXFileReference; fileEncoding = 4; lastKnownFileType = sourcecode.c.objc; path = CVCell.m; sourceTree = "<group>"; };
		AE80CE3A1E4B69D10078F00B /* PersonsInfoVC.h */ = {isa = PBXFileReference; fileEncoding = 4; lastKnownFileType = sourcecode.c.h; path = PersonsInfoVC.h; sourceTree = "<group>"; };
		AE80CE3B1E4B69D10078F00B /* PersonsInfoVC.m */ = {isa = PBXFileReference; fileEncoding = 4; lastKnownFileType = sourcecode.c.objc; path = PersonsInfoVC.m; sourceTree = "<group>"; };
		AE8410161E67017F007E4A01 /* TVCell.h */ = {isa = PBXFileReference; fileEncoding = 4; lastKnownFileType = sourcecode.c.h; path = TVCell.h; sourceTree = "<group>"; };
		AE8410171E67017F007E4A01 /* TVCell.m */ = {isa = PBXFileReference; fileEncoding = 4; lastKnownFileType = sourcecode.c.objc; path = TVCell.m; sourceTree = "<group>"; };
		AEAAEC3E1E8A4A3D00274535 /* AuthWebView.h */ = {isa = PBXFileReference; fileEncoding = 4; lastKnownFileType = sourcecode.c.h; path = AuthWebView.h; sourceTree = "<group>"; };
		AEAAEC3F1E8A4A3D00274535 /* AuthWebView.m */ = {isa = PBXFileReference; fileEncoding = 4; lastKnownFileType = sourcecode.c.objc; path = AuthWebView.m; sourceTree = "<group>"; };
		AED9640D1E9BA09C00B6F352 /* Friend.h */ = {isa = PBXFileReference; fileEncoding = 4; lastKnownFileType = sourcecode.c.h; path = Friend.h; sourceTree = "<group>"; };
		AED9640E1E9BA09C00B6F352 /* Friend.m */ = {isa = PBXFileReference; fileEncoding = 4; lastKnownFileType = sourcecode.c.objc; path = Friend.m; sourceTree = "<group>"; };
		AEF34C941ED42D6900EFD58C /* ChatTV.h */ = {isa = PBXFileReference; fileEncoding = 4; lastKnownFileType = sourcecode.c.h; path = ChatTV.h; sourceTree = "<group>"; };
		AEF34C951ED42D6900EFD58C /* ChatTV.m */ = {isa = PBXFileReference; fileEncoding = 4; lastKnownFileType = sourcecode.c.objc; path = ChatTV.m; sourceTree = "<group>"; };
		AEF34C9A1ED4464C00EFD58C /* ReceivingCell.h */ = {isa = PBXFileReference; fileEncoding = 4; lastKnownFileType = sourcecode.c.h; path = ReceivingCell.h; sourceTree = "<group>"; };
		AEF34C9B1ED4464C00EFD58C /* ReceivingCell.m */ = {isa = PBXFileReference; fileEncoding = 4; lastKnownFileType = sourcecode.c.objc; path = ReceivingCell.m; sourceTree = "<group>"; };
		AEF34CA31ED5B41D00EFD58C /* Message.h */ = {isa = PBXFileReference; fileEncoding = 4; lastKnownFileType = sourcecode.c.h; path = Message.h; sourceTree = "<group>"; };
		AEF34CA41ED5B41D00EFD58C /* Message.m */ = {isa = PBXFileReference; fileEncoding = 4; lastKnownFileType = sourcecode.c.objc; path = Message.m; sourceTree = "<group>"; };
		AEFED8BF1E48A7A600168D46 /* InfoTable.app */ = {isa = PBXFileReference; explicitFileType = wrapper.application; includeInIndex = 0; path = InfoTable.app; sourceTree = BUILT_PRODUCTS_DIR; };
		AEFED8C31E48A7A600168D46 /* main.m */ = {isa = PBXFileReference; lastKnownFileType = sourcecode.c.objc; path = main.m; sourceTree = "<group>"; };
		AEFED8C51E48A7A600168D46 /* AppDelegate.h */ = {isa = PBXFileReference; lastKnownFileType = sourcecode.c.h; path = AppDelegate.h; sourceTree = "<group>"; };
		AEFED8C61E48A7A600168D46 /* AppDelegate.m */ = {isa = PBXFileReference; lastKnownFileType = sourcecode.c.objc; path = AppDelegate.m; sourceTree = "<group>"; };
		AEFED8CC1E48A7A600168D46 /* Base */ = {isa = PBXFileReference; lastKnownFileType = file.storyboard; name = Base; path = Base.lproj/Main.storyboard; sourceTree = "<group>"; };
		AEFED8CE1E48A7A600168D46 /* Assets.xcassets */ = {isa = PBXFileReference; lastKnownFileType = folder.assetcatalog; path = Assets.xcassets; sourceTree = "<group>"; };
		AEFED8D11E48A7A600168D46 /* Base */ = {isa = PBXFileReference; lastKnownFileType = file.storyboard; name = Base; path = Base.lproj/LaunchScreen.storyboard; sourceTree = "<group>"; };
		AEFED8D31E48A7A600168D46 /* Info.plist */ = {isa = PBXFileReference; lastKnownFileType = text.plist.xml; path = Info.plist; sourceTree = "<group>"; };
		AEFED8DA1E48A7D900168D46 /* Foundation.framework */ = {isa = PBXFileReference; lastKnownFileType = wrapper.framework; name = Foundation.framework; path = System/Library/Frameworks/Foundation.framework; sourceTree = SDKROOT; };
		AEFED8DC1E48A7E100168D46 /* UIKit.framework */ = {isa = PBXFileReference; lastKnownFileType = wrapper.framework; name = UIKit.framework; path = System/Library/Frameworks/UIKit.framework; sourceTree = SDKROOT; };
		AEFED8DE1E48A7E900168D46 /* CoreGraphics.framework */ = {isa = PBXFileReference; lastKnownFileType = wrapper.framework; name = CoreGraphics.framework; path = System/Library/Frameworks/CoreGraphics.framework; sourceTree = SDKROOT; };
/* End PBXFileReference section */

/* Begin PBXFrameworksBuildPhase section */
		AEFED8BC1E48A7A500168D46 /* Frameworks */ = {
			isa = PBXFrameworksBuildPhase;
			buildActionMask = 2147483647;
			files = (
				AEFED8DF1E48A7E900168D46 /* CoreGraphics.framework in Frameworks */,
				AEFED8DD1E48A7E100168D46 /* UIKit.framework in Frameworks */,
				AEFED8DB1E48A7D900168D46 /* Foundation.framework in Frameworks */,
			);
			runOnlyForDeploymentPostprocessing = 0;
		};
/* End PBXFrameworksBuildPhase section */

/* Begin PBXGroup section */
		AEFED8B61E48A7A500168D46 = {
			isa = PBXGroup;
			children = (
				AEFED8C11E48A7A600168D46 /* InfoTable */,
				AEFED8C01E48A7A600168D46 /* Products */,
				AEFED8D91E48A7D800168D46 /* Frameworks */,
			);
			sourceTree = "<group>";
		};
		AEFED8C01E48A7A600168D46 /* Products */ = {
			isa = PBXGroup;
			children = (
				AEFED8BF1E48A7A600168D46 /* InfoTable.app */,
			);
			name = Products;
			sourceTree = "<group>";
		};
		AEFED8C11E48A7A600168D46 /* InfoTable */ = {
			isa = PBXGroup;
			children = (
				AEFED8C51E48A7A600168D46 /* AppDelegate.h */,
				AEFED8C61E48A7A600168D46 /* AppDelegate.m */,
				AEAAEC3E1E8A4A3D00274535 /* AuthWebView.h */,
				AEAAEC3F1E8A4A3D00274535 /* AuthWebView.m */,
				AED9640D1E9BA09C00B6F352 /* Friend.h */,
				AED9640E1E9BA09C00B6F352 /* Friend.m */,
				AEF34CA31ED5B41D00EFD58C /* Message.h */,
				AEF34CA41ED5B41D00EFD58C /* Message.m */,
				AE24428A1E8B048B00AFBDFA /* VKApiManager.h */,
				AE24428B1E8B048B00AFBDFA /* VKApiManager.m */,
				AE3C9F871E5B284E00D7A061 /* CVCell.h */,
				AE3C9F881E5B284E00D7A061 /* CVCell.m */,
				AE80CE3A1E4B69D10078F00B /* PersonsInfoVC.h */,
				AE80CE3B1E4B69D10078F00B /* PersonsInfoVC.m */,
				AE8410161E67017F007E4A01 /* TVCell.h */,
				AE8410171E67017F007E4A01 /* TVCell.m */,
				AE2199E91E5EE0000048C8DD /* PersonFullInfoTV.h */,
				AE2199EA1E5EE0000048C8DD /* PersonFullInfoTV.m */,
				AEF34C9A1ED4464C00EFD58C /* ReceivingCell.h */,
				AEF34C9B1ED4464C00EFD58C /* ReceivingCell.m */,
				AEF34C941ED42D6900EFD58C /* ChatTV.h */,
				AEF34C951ED42D6900EFD58C /* ChatTV.m */,
				AEFED8CB1E48A7A600168D46 /* Main.storyboard */,
				AEFED8CE1E48A7A600168D46 /* Assets.xcassets */,
				AEFED8D01E48A7A600168D46 /* LaunchScreen.storyboard */,
				AEFED8D31E48A7A600168D46 /* Info.plist */,
				AEFED8C21E48A7A600168D46 /* Supporting Files */,
			);
			path = InfoTable;
			sourceTree = "<group>";
		};
		AEFED8C21E48A7A600168D46 /* Supporting Files */ = {
			isa = PBXGroup;
			children = (
				AEFED8C31E48A7A600168D46 /* main.m */,
			);
			name = "Supporting Files";
			sourceTree = "<group>";
		};
		AEFED8D91E48A7D800168D46 /* Frameworks */ = {
			isa = PBXGroup;
			children = (
				AEFED8DE1E48A7E900168D46 /* CoreGraphics.framework */,
				AEFED8DC1E48A7E100168D46 /* UIKit.framework */,
				AEFED8DA1E48A7D900168D46 /* Foundation.framework */,
			);
			name = Frameworks;
			sourceTree = "<group>";
		};
/* End PBXGroup section */

/* Begin PBXNativeTarget section */
		AEFED8BE1E48A7A500168D46 /* InfoTable */ = {
			isa = PBXNativeTarget;
			buildConfigurationList = AEFED8D61E48A7A600168D46 /* Build configuration list for PBXNativeTarget "InfoTable" */;
			buildPhases = (
				AEFED8BB1E48A7A500168D46 /* Sources */,
				AEFED8BC1E48A7A500168D46 /* Frameworks */,
				AEFED8BD1E48A7A500168D46 /* Resources */,
			);
			buildRules = (
			);
			dependencies = (
			);
			name = InfoTable;
			productName = InfoTable;
			productReference = AEFED8BF1E48A7A600168D46 /* InfoTable.app */;
			productType = "com.apple.product-type.application";
		};
/* End PBXNativeTarget section */

/* Begin PBXProject section */
		AEFED8B71E48A7A500168D46 /* Project object */ = {
			isa = PBXProject;
			attributes = {
				LastUpgradeCheck = 0820;
				ORGANIZATIONNAME = "Abdushev Sergey";
				TargetAttributes = {
					AEFED8BE1E48A7A500168D46 = {
						CreatedOnToolsVersion = 8.2.1;
						ProvisioningStyle = Automatic;
					};
				};
			};
			buildConfigurationList = AEFED8BA1E48A7A500168D46 /* Build configuration list for PBXProject "InfoTable" */;
			compatibilityVersion = "Xcode 3.2";
			developmentRegion = English;
			hasScannedForEncodings = 0;
			knownRegions = (
				en,
				Base,
			);
			mainGroup = AEFED8B61E48A7A500168D46;
			productRefGroup = AEFED8C01E48A7A600168D46 /* Products */;
			projectDirPath = "";
			projectRoot = "";
			targets = (
				AEFED8BE1E48A7A500168D46 /* InfoTable */,
			);
		};
/* End PBXProject section */

/* Begin PBXResourcesBuildPhase section */
		AEFED8BD1E48A7A500168D46 /* Resources */ = {
			isa = PBXResourcesBuildPhase;
			buildActionMask = 2147483647;
			files = (
				AEFED8D21E48A7A600168D46 /* LaunchScreen.storyboard in Resources */,
				AEFED8CF1E48A7A600168D46 /* Assets.xcassets in Resources */,
				AEFED8CD1E48A7A600168D46 /* Main.storyboard in Resources */,
			);
			runOnlyForDeploymentPostprocessing = 0;
		};
/* End PBXResourcesBuildPhase section */

/* Begin PBXSourcesBuildPhase section */
		AEFED8BB1E48A7A500168D46 /* Sources */ = {
			isa = PBXSourcesBuildPhase;
			buildActionMask = 2147483647;
			files = (
				AED9640F1E9BA09C00B6F352 /* Friend.m in Sources */,
				AEFED8C71E48A7A600168D46 /* AppDelegate.m in Sources */,
				AE2199EB1E5EE0000048C8DD /* PersonFullInfoTV.m in Sources */,
				AEF34C961ED42D6900EFD58C /* ChatTV.m in Sources */,
				AE24428C1E8B048B00AFBDFA /* VKApiManager.m in Sources */,
				AE3C9F891E5B284E00D7A061 /* CVCell.m in Sources */,
				AE8410181E67017F007E4A01 /* TVCell.m in Sources */,
				AE80CE3C1E4B69D10078F00B /* PersonsInfoVC.m in Sources */,
				AEF34C9C1ED4464C00EFD58C /* ReceivingCell.m in Sources */,
				AEAAEC401E8A4A3D00274535 /* AuthWebView.m in Sources */,
				AEF34CA51ED5B41D00EFD58C /* Message.m in Sources */,
				AEFED8C41E48A7A600168D46 /* main.m in Sources */,
			);
			runOnlyForDeploymentPostprocessing = 0;
		};
/* End PBXSourcesBuildPhase section */

/* Begin PBXVariantGroup section */
		AEFED8CB1E48A7A600168D46 /* Main.storyboard */ = {
			isa = PBXVariantGroup;
			children = (
				AEFED8CC1E48A7A600168D46 /* Base */,
			);
			name = Main.storyboard;
			sourceTree = "<group>";
		};
		AEFED8D01E48A7A600168D46 /* LaunchScreen.storyboard */ = {
			isa = PBXVariantGroup;
			children = (
				AEFED8D11E48A7A600168D46 /* Base */,
			);
			name = LaunchScreen.storyboard;
			sourceTree = "<group>";
		};
/* End PBXVariantGroup section */

/* Begin XCBuildConfiguration section */
		AEFED8D41E48A7A600168D46 /* Debug */ = {
			isa = XCBuildConfiguration;
			buildSettings = {
				ALWAYS_SEARCH_USER_PATHS = NO;
				CLANG_ANALYZER_NONNULL = YES;
				CLANG_CXX_LANGUAGE_STANDARD = "gnu++0x";
				CLANG_CXX_LIBRARY = "libc++";
				CLANG_ENABLE_MODULES = YES;
				CLANG_ENABLE_OBJC_ARC = YES;
				CLANG_WARN_BOOL_CONVERSION = YES;
				CLANG_WARN_CONSTANT_CONVERSION = YES;
				CLANG_WARN_DIRECT_OBJC_ISA_USAGE = YES_ERROR;
				CLANG_WARN_DOCUMENTATION_COMMENTS = YES;
				CLANG_WARN_EMPTY_BODY = YES;
				CLANG_WARN_ENUM_CONVERSION = YES;
				CLANG_WARN_INFINITE_RECURSION = YES;
				CLANG_WARN_INT_CONVERSION = YES;
				CLANG_WARN_OBJC_ROOT_CLASS = YES_ERROR;
				CLANG_WARN_SUSPICIOUS_MOVE = YES;
				CLANG_WARN_UNREACHABLE_CODE = YES;
				CLANG_WARN__DUPLICATE_METHOD_MATCH = YES;
				"CODE_SIGN_IDENTITY[sdk=iphoneos*]" = "iPhone Developer";
				COPY_PHASE_STRIP = NO;
				DEBUG_INFORMATION_FORMAT = dwarf;
				ENABLE_STRICT_OBJC_MSGSEND = YES;
				ENABLE_TESTABILITY = YES;
				GCC_C_LANGUAGE_STANDARD = gnu99;
				GCC_DYNAMIC_NO_PIC = NO;
				GCC_NO_COMMON_BLOCKS = YES;
				GCC_OPTIMIZATION_LEVEL = 0;
				GCC_PREPROCESSOR_DEFINITIONS = (
					"DEBUG=1",
					"$(inherited)",
				);
				GCC_WARN_64_TO_32_BIT_CONVERSION = YES;
				GCC_WARN_ABOUT_RETURN_TYPE = YES_ERROR;
				GCC_WARN_UNDECLARED_SELECTOR = YES;
				GCC_WARN_UNINITIALIZED_AUTOS = YES_AGGRESSIVE;
				GCC_WARN_UNUSED_FUNCTION = YES;
				GCC_WARN_UNUSED_VARIABLE = YES;
				IPHONEOS_DEPLOYMENT_TARGET = 10.2;
				MTL_ENABLE_DEBUG_INFO = YES;
				ONLY_ACTIVE_ARCH = YES;
				SDKROOT = iphoneos;
				TARGETED_DEVICE_FAMILY = "1,2";
			};
			name = Debug;
		};
		AEFED8D51E48A7A600168D46 /* Release */ = {
			isa = XCBuildConfiguration;
			buildSettings = {
				ALWAYS_SEARCH_USER_PATHS = NO;
				CLANG_ANALYZER_NONNULL = YES;
				CLANG_CXX_LANGUAGE_STANDARD = "gnu++0x";
				CLANG_CXX_LIBRARY = "libc++";
				CLANG_ENABLE_MODULES = YES;
				CLANG_ENABLE_OBJC_ARC = YES;
				CLANG_WARN_BOOL_CONVERSION = YES;
				CLANG_WARN_CONSTANT_CONVERSION = YES;
				CLANG_WARN_DIRECT_OBJC_ISA_USAGE = YES_ERROR;
				CLANG_WARN_DOCUMENTATION_COMMENTS = YES;
				CLANG_WARN_EMPTY_BODY = YES;
				CLANG_WARN_ENUM_CONVERSION = YES;
				CLANG_WARN_INFINITE_RECURSION = YES;
				CLANG_WARN_INT_CONVERSION = YES;
				CLANG_WARN_OBJC_ROOT_CLASS = YES_ERROR;
				CLANG_WARN_SUSPICIOUS_MOVE = YES;
				CLANG_WARN_UNREACHABLE_CODE = YES;
				CLANG_WARN__DUPLICATE_METHOD_MATCH = YES;
				"CODE_SIGN_IDENTITY[sdk=iphoneos*]" = "iPhone Developer";
				COPY_PHASE_STRIP = NO;
				DEBUG_INFORMATION_FORMAT = "dwarf-with-dsym";
				ENABLE_NS_ASSERTIONS = NO;
				ENABLE_STRICT_OBJC_MSGSEND = YES;
				GCC_C_LANGUAGE_STANDARD = gnu99;
				GCC_NO_COMMON_BLOCKS = YES;
				GCC_WARN_64_TO_32_BIT_CONVERSION = YES;
				GCC_WARN_ABOUT_RETURN_TYPE = YES_ERROR;
				GCC_WARN_UNDECLARED_SELECTOR = YES;
				GCC_WARN_UNINITIALIZED_AUTOS = YES_AGGRESSIVE;
				GCC_WARN_UNUSED_FUNCTION = YES;
				GCC_WARN_UNUSED_VARIABLE = YES;
				IPHONEOS_DEPLOYMENT_TARGET = 10.2;
				MTL_ENABLE_DEBUG_INFO = NO;
				SDKROOT = iphoneos;
				TARGETED_DEVICE_FAMILY = "1,2";
				VALIDATE_PRODUCT = YES;
			};
			name = Release;
		};
		AEFED8D71E48A7A600168D46 /* Debug */ = {
			isa = XCBuildConfiguration;
			buildSettings = {
				ASSETCATALOG_COMPILER_APPICON_NAME = AppIcon;
				INFOPLIST_FILE = InfoTable/Info.plist;
				LD_RUNPATH_SEARCH_PATHS = "$(inherited) @executable_path/Frameworks";
				PRODUCT_BUNDLE_IDENTIFIER = ASR.InfoTable;
				PRODUCT_NAME = "$(TARGET_NAME)";
			};
			name = Debug;
		};
		AEFED8D81E48A7A600168D46 /* Release */ = {
			isa = XCBuildConfiguration;
			buildSettings = {
				ASSETCATALOG_COMPILER_APPICON_NAME = AppIcon;
				INFOPLIST_FILE = InfoTable/Info.plist;
				LD_RUNPATH_SEARCH_PATHS = "$(inherited) @executable_path/Frameworks";
				PRODUCT_BUNDLE_IDENTIFIER = ASR.InfoTable;
				PRODUCT_NAME = "$(TARGET_NAME)";
			};
			name = Release;
		};
/* End XCBuildConfiguration section */

/* Begin XCConfigurationList section */
		AEFED8BA1E48A7A500168D46 /* Build configuration list for PBXProject "InfoTable" */ = {
			isa = XCConfigurationList;
			buildConfigurations = (
				AEFED8D41E48A7A600168D46 /* Debug */,
				AEFED8D51E48A7A600168D46 /* Release */,
			);
			defaultConfigurationIsVisible = 0;
			defaultConfigurationName = Release;
		};
		AEFED8D61E48A7A600168D46 /* Build configuration list for PBXNativeTarget "InfoTable" */ = {
			isa = XCConfigurationList;
			buildConfigurations = (
				AEFED8D71E48A7A600168D46 /* Debug */,
				AEFED8D81E48A7A600168D46 /* Release */,
			);
			defaultConfigurationIsVisible = 0;
			defaultConfigurationName = Release;
		};
/* End XCConfigurationList section */
	};
	rootObject = AEFED8B71E48A7A500168D46 /* Project object */;
}
